<?xml version="1.0" encoding="UTF-8"?>
<!DOCTYPE plist PUBLIC "-//Apple//DTD PLIST 1.0//EN" "http://www.apple.com/DTDs/PropertyList-1.0.dtd">
<plist version="1.0">
<dict>
	<key>archiveVersion</key>
	<string>1</string>
	<key>classes</key>
	<dict/>
	<key>objectVersion</key>
	<string>46</string>
	<key>objects</key>
	<dict>
		<key>2FA45E11B77A4ACEA89B23A3</key>
		<dict>
			<key>explicitFileType</key>
			<string>archive.ar</string>
			<key>includeInIndex</key>
			<string>0</string>
			<key>isa</key>
			<string>PBXFileReference</string>
			<key>path</key>
			<string>libPods.a</string>
			<key>sourceTree</key>
			<string>BUILT_PRODUCTS_DIR</string>
		</dict>
		<key>61892D56B8C64B35AB8EA92A</key>
		<dict>
			<key>fileRef</key>
			<string>2FA45E11B77A4ACEA89B23A3</string>
			<key>isa</key>
			<string>PBXBuildFile</string>
		</dict>
		<key>73C7B46E687E45D4BF347752</key>
		<dict>
			<key>buildActionMask</key>
			<string>2147483647</string>
			<key>files</key>
			<array/>
			<key>inputPaths</key>
			<array/>
			<key>isa</key>
			<string>PBXShellScriptBuildPhase</string>
			<key>name</key>
			<string>Copy Pods Resources</string>
			<key>outputPaths</key>
			<array/>
			<key>runOnlyForDeploymentPostprocessing</key>
			<string>0</string>
			<key>shellPath</key>
			<string>/bin/sh</string>
			<key>shellScript</key>
			<string>"${SRCROOT}/Pods/Pods-resources.sh"
</string>
			<key>showEnvVarsInLog</key>
			<string>0</string>
		</dict>
		<key>844E87396A544982A7233439</key>
		<dict>
			<key>includeInIndex</key>
			<string>1</string>
			<key>isa</key>
			<string>PBXFileReference</string>
			<key>lastKnownFileType</key>
			<string>text.xcconfig</string>
			<key>name</key>
			<string>Pods.xcconfig</string>
			<key>path</key>
			<string>Pods/Pods.xcconfig</string>
			<key>sourceTree</key>
			<string>&lt;group&gt;</string>
		</dict>
		<key>ACF63B1B187349BDBB13E6C6</key>
		<dict>
			<key>buildActionMask</key>
			<string>2147483647</string>
			<key>files</key>
			<array/>
			<key>inputPaths</key>
			<array/>
			<key>isa</key>
			<string>PBXShellScriptBuildPhase</string>
			<key>name</key>
			<string>Check Pods Manifest.lock</string>
			<key>outputPaths</key>
			<array/>
			<key>runOnlyForDeploymentPostprocessing</key>
			<string>0</string>
			<key>shellPath</key>
			<string>/bin/sh</string>
			<key>shellScript</key>
			<string>diff "${PODS_ROOT}/../Podfile.lock" "${PODS_ROOT}/Manifest.lock" &gt; /dev/null
if [[ $? != 0 ]] ; then
    cat &lt;&lt; EOM
error: The sandbox is not in sync with the Podfile.lock. Run 'pod install' or update your CocoaPods installation.
EOM
    exit 1
fi
</string>
			<key>showEnvVarsInLog</key>
			<string>0</string>
		</dict>
		<key>FC5B99E61921A7DB007B5D8A</key>
		<dict>
			<key>fileEncoding</key>
			<string>4</string>
			<key>isa</key>
			<string>PBXFileReference</string>
			<key>lastKnownFileType</key>
			<string>sourcecode.c.h</string>
			<key>path</key>
			<string>XNNearBy.h</string>
			<key>sourceTree</key>
			<string>&lt;group&gt;</string>
		</dict>
		<key>FC5B99E71921A7DB007B5D8A</key>
		<dict>
			<key>fileEncoding</key>
			<string>4</string>
			<key>isa</key>
			<string>PBXFileReference</string>
			<key>lastKnownFileType</key>
			<string>sourcecode.c.objc</string>
			<key>path</key>
			<string>XNNearBy.m</string>
			<key>sourceTree</key>
			<string>&lt;group&gt;</string>
		</dict>
		<key>FC5B99E81921A7DB007B5D8A</key>
		<dict>
			<key>fileRef</key>
			<string>FC5B99E71921A7DB007B5D8A</string>
			<key>isa</key>
			<string>PBXBuildFile</string>
		</dict>
		<key>FCDF15EF1911D4D00002575E</key>
		<dict>
			<key>children</key>
			<array>
				<string>FCDF16011911D4D00002575E</string>
				<string>FCDF16201911D4D00002575E</string>
				<string>FCDF15FA1911D4D00002575E</string>
				<string>FCDF15F91911D4D00002575E</string>
				<string>844E87396A544982A7233439</string>
			</array>
			<key>isa</key>
			<string>PBXGroup</string>
			<key>sourceTree</key>
			<string>&lt;group&gt;</string>
		</dict>
		<key>FCDF15F01911D4D00002575E</key>
		<dict>
			<key>attributes</key>
			<dict>
				<key>LastUpgradeCheck</key>
				<string>0510</string>
				<key>ORGANIZATIONNAME</key>
				<string>mootoh.net</string>
				<key>TargetAttributes</key>
				<dict>
					<key>FCDF16181911D4D00002575E</key>
					<dict>
						<key>TestTargetID</key>
						<string>FCDF15F71911D4D00002575E</string>
					</dict>
				</dict>
			</dict>
			<key>buildConfigurationList</key>
			<string>FCDF15F31911D4D00002575E</string>
			<key>compatibilityVersion</key>
			<string>Xcode 3.2</string>
			<key>developmentRegion</key>
			<string>English</string>
			<key>hasScannedForEncodings</key>
			<string>0</string>
			<key>isa</key>
			<string>PBXProject</string>
			<key>knownRegions</key>
			<array>
				<string>en</string>
				<string>Base</string>
			</array>
			<key>mainGroup</key>
			<string>FCDF15EF1911D4D00002575E</string>
			<key>productRefGroup</key>
			<string>FCDF15F91911D4D00002575E</string>
			<key>projectDirPath</key>
			<string></string>
			<key>projectReferences</key>
			<array/>
			<key>projectRoot</key>
			<string></string>
			<key>targets</key>
			<array>
				<string>FCDF15F71911D4D00002575E</string>
				<string>FCDF16181911D4D00002575E</string>
			</array>
		</dict>
		<key>FCDF15F31911D4D00002575E</key>
		<dict>
			<key>buildConfigurations</key>
			<array>
				<string>FCDF16281911D4D00002575E</string>
				<string>FCDF16291911D4D00002575E</string>
			</array>
			<key>defaultConfigurationIsVisible</key>
			<string>0</string>
			<key>defaultConfigurationName</key>
			<string>Release</string>
			<key>isa</key>
			<string>XCConfigurationList</string>
		</dict>
		<key>FCDF15F41911D4D00002575E</key>
		<dict>
			<key>buildActionMask</key>
			<string>2147483647</string>
			<key>files</key>
			<array>
				<string>FC5B99E81921A7DB007B5D8A</string>
				<string>FCDF16121911D4D00002575E</string>
				<string>FCDF160C1911D4D00002575E</string>
				<string>FCDF16081911D4D00002575E</string>
			</array>
			<key>isa</key>
			<string>PBXSourcesBuildPhase</string>
			<key>runOnlyForDeploymentPostprocessing</key>
			<string>0</string>
		</dict>
		<key>FCDF15F51911D4D00002575E</key>
		<dict>
			<key>buildActionMask</key>
			<string>2147483647</string>
			<key>files</key>
			<array>
				<string>FCDF16311911D7440002575E</string>
				<string>FCDF15FE1911D4D00002575E</string>
				<string>FCDF16001911D4D00002575E</string>
				<string>FCDF15FC1911D4D00002575E</string>
				<string>61892D56B8C64B35AB8EA92A</string>
			</array>
			<key>isa</key>
			<string>PBXFrameworksBuildPhase</string>
			<key>runOnlyForDeploymentPostprocessing</key>
			<string>0</string>
		</dict>
		<key>FCDF15F61911D4D00002575E</key>
		<dict>
			<key>buildActionMask</key>
			<string>2147483647</string>
			<key>files</key>
			<array>
				<string>FCDF16141911D4D00002575E</string>
				<string>FCDF16061911D4D00002575E</string>
				<string>FCDF160F1911D4D00002575E</string>
			</array>
			<key>isa</key>
			<string>PBXResourcesBuildPhase</string>
			<key>runOnlyForDeploymentPostprocessing</key>
			<string>0</string>
		</dict>
		<key>FCDF15F71911D4D00002575E</key>
		<dict>
			<key>buildConfigurationList</key>
			<string>FCDF162A1911D4D00002575E</string>
			<key>buildPhases</key>
			<array>
				<string>ACF63B1B187349BDBB13E6C6</string>
				<string>FCDF15F41911D4D00002575E</string>
				<string>FCDF15F51911D4D00002575E</string>
				<string>FCDF15F61911D4D00002575E</string>
				<string>73C7B46E687E45D4BF347752</string>
			</array>
			<key>buildRules</key>
			<array/>
			<key>dependencies</key>
			<array/>
			<key>isa</key>
			<string>PBXNativeTarget</string>
			<key>name</key>
			<string>BTWithAndroid</string>
			<key>productName</key>
			<string>BTWithAndroid</string>
			<key>productReference</key>
			<string>FCDF15F81911D4D00002575E</string>
			<key>productType</key>
			<string>com.apple.product-type.application</string>
		</dict>
		<key>FCDF15F81911D4D00002575E</key>
		<dict>
			<key>explicitFileType</key>
			<string>wrapper.application</string>
			<key>includeInIndex</key>
			<string>0</string>
			<key>isa</key>
			<string>PBXFileReference</string>
			<key>path</key>
			<string>BTWithAndroid.app</string>
			<key>sourceTree</key>
			<string>BUILT_PRODUCTS_DIR</string>
		</dict>
		<key>FCDF15F91911D4D00002575E</key>
		<dict>
			<key>children</key>
			<array>
				<string>FCDF15F81911D4D00002575E</string>
				<string>FCDF16191911D4D00002575E</string>
			</array>
			<key>isa</key>
			<string>PBXGroup</string>
			<key>name</key>
			<string>Products</string>
			<key>sourceTree</key>
			<string>&lt;group&gt;</string>
		</dict>
		<key>FCDF15FA1911D4D00002575E</key>
		<dict>
			<key>children</key>
			<array>
				<string>FCDF16301911D7440002575E</string>
				<string>FCDF15FB1911D4D00002575E</string>
				<string>FCDF15FD1911D4D00002575E</string>
				<string>FCDF15FF1911D4D00002575E</string>
				<string>FCDF161A1911D4D00002575E</string>
				<string>2FA45E11B77A4ACEA89B23A3</string>
			</array>
			<key>isa</key>
			<string>PBXGroup</string>
			<key>name</key>
			<string>Frameworks</string>
			<key>sourceTree</key>
			<string>&lt;group&gt;</string>
		</dict>
		<key>FCDF15FB1911D4D00002575E</key>
		<dict>
			<key>isa</key>
			<string>PBXFileReference</string>
			<key>lastKnownFileType</key>
			<string>wrapper.framework</string>
			<key>name</key>
			<string>Foundation.framework</string>
			<key>path</key>
			<string>System/Library/Frameworks/Foundation.framework</string>
			<key>sourceTree</key>
			<string>SDKROOT</string>
		</dict>
		<key>FCDF15FC1911D4D00002575E</key>
		<dict>
			<key>fileRef</key>
			<string>FCDF15FB1911D4D00002575E</string>
			<key>isa</key>
			<string>PBXBuildFile</string>
		</dict>
		<key>FCDF15FD1911D4D00002575E</key>
		<dict>
			<key>isa</key>
			<string>PBXFileReference</string>
			<key>lastKnownFileType</key>
			<string>wrapper.framework</string>
			<key>name</key>
			<string>CoreGraphics.framework</string>
			<key>path</key>
			<string>System/Library/Frameworks/CoreGraphics.framework</string>
			<key>sourceTree</key>
			<string>SDKROOT</string>
		</dict>
		<key>FCDF15FE1911D4D00002575E</key>
		<dict>
			<key>fileRef</key>
			<string>FCDF15FD1911D4D00002575E</string>
			<key>isa</key>
			<string>PBXBuildFile</string>
		</dict>
		<key>FCDF15FF1911D4D00002575E</key>
		<dict>
			<key>isa</key>
			<string>PBXFileReference</string>
			<key>lastKnownFileType</key>
			<string>wrapper.framework</string>
			<key>name</key>
			<string>UIKit.framework</string>
			<key>path</key>
			<string>System/Library/Frameworks/UIKit.framework</string>
			<key>sourceTree</key>
			<string>SDKROOT</string>
		</dict>
		<key>FCDF16001911D4D00002575E</key>
		<dict>
			<key>fileRef</key>
			<string>FCDF15FF1911D4D00002575E</string>
			<key>isa</key>
			<string>PBXBuildFile</string>
		</dict>
		<key>FCDF16011911D4D00002575E</key>
		<dict>
			<key>children</key>
			<array>
				<string>FC5B99E61921A7DB007B5D8A</string>
				<string>FC5B99E71921A7DB007B5D8A</string>
				<string>FCDF160A1911D4D00002575E</string>
				<string>FCDF160B1911D4D00002575E</string>
				<string>FCDF160D1911D4D00002575E</string>
				<string>FCDF16101911D4D00002575E</string>
				<string>FCDF16111911D4D00002575E</string>
				<string>FCDF16131911D4D00002575E</string>
				<string>FCDF16021911D4D00002575E</string>
			</array>
			<key>isa</key>
			<string>PBXGroup</string>
			<key>path</key>
			<string>BTWithAndroid</string>
			<key>sourceTree</key>
			<string>&lt;group&gt;</string>
		</dict>
		<key>FCDF16021911D4D00002575E</key>
		<dict>
			<key>children</key>
			<array>
				<string>FCDF16031911D4D00002575E</string>
				<string>FCDF16041911D4D00002575E</string>
				<string>FCDF16071911D4D00002575E</string>
				<string>FCDF16091911D4D00002575E</string>
			</array>
			<key>isa</key>
			<string>PBXGroup</string>
			<key>name</key>
			<string>Supporting Files</string>
			<key>sourceTree</key>
			<string>&lt;group&gt;</string>
		</dict>
		<key>FCDF16031911D4D00002575E</key>
		<dict>
			<key>isa</key>
			<string>PBXFileReference</string>
			<key>lastKnownFileType</key>
			<string>text.plist.xml</string>
			<key>path</key>
			<string>BTWithAndroid-Info.plist</string>
			<key>sourceTree</key>
			<string>&lt;group&gt;</string>
		</dict>
		<key>FCDF16041911D4D00002575E</key>
		<dict>
			<key>children</key>
			<array>
				<string>FCDF16051911D4D00002575E</string>
			</array>
			<key>isa</key>
			<string>PBXVariantGroup</string>
			<key>name</key>
			<string>InfoPlist.strings</string>
			<key>sourceTree</key>
			<string>&lt;group&gt;</string>
		</dict>
		<key>FCDF16051911D4D00002575E</key>
		<dict>
			<key>isa</key>
			<string>PBXFileReference</string>
			<key>lastKnownFileType</key>
			<string>text.plist.strings</string>
			<key>name</key>
			<string>en</string>
			<key>path</key>
			<string>en.lproj/InfoPlist.strings</string>
			<key>sourceTree</key>
			<string>&lt;group&gt;</string>
		</dict>
		<key>FCDF16061911D4D00002575E</key>
		<dict>
			<key>fileRef</key>
			<string>FCDF16041911D4D00002575E</string>
			<key>isa</key>
			<string>PBXBuildFile</string>
		</dict>
		<key>FCDF16071911D4D00002575E</key>
		<dict>
			<key>isa</key>
			<string>PBXFileReference</string>
			<key>lastKnownFileType</key>
			<string>sourcecode.c.objc</string>
			<key>path</key>
			<string>main.m</string>
			<key>sourceTree</key>
			<string>&lt;group&gt;</string>
		</dict>
		<key>FCDF16081911D4D00002575E</key>
		<dict>
			<key>fileRef</key>
			<string>FCDF16071911D4D00002575E</string>
			<key>isa</key>
			<string>PBXBuildFile</string>
		</dict>
		<key>FCDF16091911D4D00002575E</key>
		<dict>
			<key>isa</key>
			<string>PBXFileReference</string>
			<key>lastKnownFileType</key>
			<string>sourcecode.c.h</string>
			<key>path</key>
			<string>BTWithAndroid-Prefix.pch</string>
			<key>sourceTree</key>
			<string>&lt;group&gt;</string>
		</dict>
		<key>FCDF160A1911D4D00002575E</key>
		<dict>
			<key>isa</key>
			<string>PBXFileReference</string>
			<key>lastKnownFileType</key>
			<string>sourcecode.c.h</string>
			<key>path</key>
			<string>AppDelegate.h</string>
			<key>sourceTree</key>
			<string>&lt;group&gt;</string>
		</dict>
		<key>FCDF160B1911D4D00002575E</key>
		<dict>
			<key>isa</key>
			<string>PBXFileReference</string>
			<key>lastKnownFileType</key>
			<string>sourcecode.c.objc</string>
			<key>path</key>
			<string>AppDelegate.m</string>
			<key>sourceTree</key>
			<string>&lt;group&gt;</string>
		</dict>
		<key>FCDF160C1911D4D00002575E</key>
		<dict>
			<key>fileRef</key>
			<string>FCDF160B1911D4D00002575E</string>
			<key>isa</key>
			<string>PBXBuildFile</string>
		</dict>
		<key>FCDF160D1911D4D00002575E</key>
		<dict>
			<key>children</key>
			<array>
				<string>FCDF160E1911D4D00002575E</string>
			</array>
			<key>isa</key>
			<string>PBXVariantGroup</string>
			<key>name</key>
			<string>Main.storyboard</string>
			<key>sourceTree</key>
			<string>&lt;group&gt;</string>
		</dict>
		<key>FCDF160E1911D4D00002575E</key>
		<dict>
			<key>isa</key>
			<string>PBXFileReference</string>
			<key>lastKnownFileType</key>
			<string>file.storyboard</string>
			<key>name</key>
			<string>Base</string>
			<key>path</key>
			<string>Base.lproj/Main.storyboard</string>
			<key>sourceTree</key>
			<string>&lt;group&gt;</string>
		</dict>
		<key>FCDF160F1911D4D00002575E</key>
		<dict>
			<key>fileRef</key>
			<string>FCDF160D1911D4D00002575E</string>
			<key>isa</key>
			<string>PBXBuildFile</string>
		</dict>
		<key>FCDF16101911D4D00002575E</key>
		<dict>
			<key>isa</key>
			<string>PBXFileReference</string>
			<key>lastKnownFileType</key>
			<string>sourcecode.c.h</string>
			<key>path</key>
			<string>ViewController.h</string>
			<key>sourceTree</key>
			<string>&lt;group&gt;</string>
		</dict>
		<key>FCDF16111911D4D00002575E</key>
		<dict>
			<key>isa</key>
			<string>PBXFileReference</string>
			<key>lastKnownFileType</key>
			<string>sourcecode.c.objc</string>
			<key>path</key>
			<string>ViewController.m</string>
			<key>sourceTree</key>
			<string>&lt;group&gt;</string>
		</dict>
		<key>FCDF16121911D4D00002575E</key>
		<dict>
			<key>fileRef</key>
			<string>FCDF16111911D4D00002575E</string>
			<key>isa</key>
			<string>PBXBuildFile</string>
		</dict>
		<key>FCDF16131911D4D00002575E</key>
		<dict>
			<key>isa</key>
			<string>PBXFileReference</string>
			<key>lastKnownFileType</key>
			<string>folder.assetcatalog</string>
			<key>path</key>
			<string>Images.xcassets</string>
			<key>sourceTree</key>
			<string>&lt;group&gt;</string>
		</dict>
		<key>FCDF16141911D4D00002575E</key>
		<dict>
			<key>fileRef</key>
			<string>FCDF16131911D4D00002575E</string>
			<key>isa</key>
			<string>PBXBuildFile</string>
		</dict>
		<key>FCDF16151911D4D00002575E</key>
		<dict>
			<key>buildActionMask</key>
			<string>2147483647</string>
			<key>files</key>
			<array>
				<string>FCDF16271911D4D00002575E</string>
			</array>
			<key>isa</key>
			<string>PBXSourcesBuildPhase</string>
			<key>runOnlyForDeploymentPostprocessing</key>
			<string>0</string>
		</dict>
		<key>FCDF16161911D4D00002575E</key>
		<dict>
			<key>buildActionMask</key>
			<string>2147483647</string>
			<key>files</key>
			<array>
				<string>FCDF161B1911D4D00002575E</string>
				<string>FCDF161D1911D4D00002575E</string>
				<string>FCDF161C1911D4D00002575E</string>
			</array>
			<key>isa</key>
			<string>PBXFrameworksBuildPhase</string>
			<key>runOnlyForDeploymentPostprocessing</key>
			<string>0</string>
		</dict>
		<key>FCDF16171911D4D00002575E</key>
		<dict>
			<key>buildActionMask</key>
			<string>2147483647</string>
			<key>files</key>
			<array>
				<string>FCDF16251911D4D00002575E</string>
			</array>
			<key>isa</key>
			<string>PBXResourcesBuildPhase</string>
			<key>runOnlyForDeploymentPostprocessing</key>
			<string>0</string>
		</dict>
		<key>FCDF16181911D4D00002575E</key>
		<dict>
			<key>buildConfigurationList</key>
			<string>FCDF162D1911D4D00002575E</string>
			<key>buildPhases</key>
			<array>
				<string>FCDF16151911D4D00002575E</string>
				<string>FCDF16161911D4D00002575E</string>
				<string>FCDF16171911D4D00002575E</string>
			</array>
			<key>buildRules</key>
			<array/>
			<key>dependencies</key>
			<array>
				<string>FCDF161F1911D4D00002575E</string>
			</array>
			<key>isa</key>
			<string>PBXNativeTarget</string>
			<key>name</key>
			<string>BTWithAndroidTests</string>
			<key>productName</key>
			<string>BTWithAndroidTests</string>
			<key>productReference</key>
			<string>FCDF16191911D4D00002575E</string>
			<key>productType</key>
			<string>com.apple.product-type.bundle.unit-test</string>
		</dict>
		<key>FCDF16191911D4D00002575E</key>
		<dict>
			<key>explicitFileType</key>
			<string>wrapper.cfbundle</string>
			<key>includeInIndex</key>
			<string>0</string>
			<key>isa</key>
			<string>PBXFileReference</string>
			<key>path</key>
			<string>BTWithAndroidTests.xctest</string>
			<key>sourceTree</key>
			<string>BUILT_PRODUCTS_DIR</string>
		</dict>
		<key>FCDF161A1911D4D00002575E</key>
		<dict>
			<key>isa</key>
			<string>PBXFileReference</string>
			<key>lastKnownFileType</key>
			<string>wrapper.framework</string>
			<key>name</key>
			<string>XCTest.framework</string>
			<key>path</key>
			<string>Library/Frameworks/XCTest.framework</string>
			<key>sourceTree</key>
			<string>DEVELOPER_DIR</string>
		</dict>
		<key>FCDF161B1911D4D00002575E</key>
		<dict>
			<key>fileRef</key>
			<string>FCDF161A1911D4D00002575E</string>
			<key>isa</key>
			<string>PBXBuildFile</string>
		</dict>
		<key>FCDF161C1911D4D00002575E</key>
		<dict>
			<key>fileRef</key>
			<string>FCDF15FB1911D4D00002575E</string>
			<key>isa</key>
			<string>PBXBuildFile</string>
		</dict>
		<key>FCDF161D1911D4D00002575E</key>
		<dict>
			<key>fileRef</key>
			<string>FCDF15FF1911D4D00002575E</string>
			<key>isa</key>
			<string>PBXBuildFile</string>
		</dict>
		<key>FCDF161E1911D4D00002575E</key>
		<dict>
			<key>containerPortal</key>
			<string>FCDF15F01911D4D00002575E</string>
			<key>isa</key>
			<string>PBXContainerItemProxy</string>
			<key>proxyType</key>
			<string>1</string>
			<key>remoteGlobalIDString</key>
			<string>FCDF15F71911D4D00002575E</string>
			<key>remoteInfo</key>
			<string>BTWithAndroid</string>
		</dict>
		<key>FCDF161F1911D4D00002575E</key>
		<dict>
			<key>isa</key>
			<string>PBXTargetDependency</string>
			<key>target</key>
			<string>FCDF15F71911D4D00002575E</string>
			<key>targetProxy</key>
			<string>FCDF161E1911D4D00002575E</string>
		</dict>
		<key>FCDF16201911D4D00002575E</key>
		<dict>
			<key>children</key>
			<array>
				<string>FCDF16261911D4D00002575E</string>
				<string>FCDF16211911D4D00002575E</string>
			</array>
			<key>isa</key>
			<string>PBXGroup</string>
			<key>path</key>
			<string>BTWithAndroidTests</string>
			<key>sourceTree</key>
			<string>&lt;group&gt;</string>
		</dict>
		<key>FCDF16211911D4D00002575E</key>
		<dict>
			<key>children</key>
			<array>
				<string>FCDF16221911D4D00002575E</string>
				<string>FCDF16231911D4D00002575E</string>
			</array>
			<key>isa</key>
			<string>PBXGroup</string>
			<key>name</key>
			<string>Supporting Files</string>
			<key>sourceTree</key>
			<string>&lt;group&gt;</string>
		</dict>
		<key>FCDF16221911D4D00002575E</key>
		<dict>
			<key>isa</key>
			<string>PBXFileReference</string>
			<key>lastKnownFileType</key>
			<string>text.plist.xml</string>
			<key>path</key>
			<string>BTWithAndroidTests-Info.plist</string>
			<key>sourceTree</key>
			<string>&lt;group&gt;</string>
		</dict>
		<key>FCDF16231911D4D00002575E</key>
		<dict>
			<key>children</key>
			<array>
				<string>FCDF16241911D4D00002575E</string>
			</array>
			<key>isa</key>
			<string>PBXVariantGroup</string>
			<key>name</key>
			<string>InfoPlist.strings</string>
			<key>sourceTree</key>
			<string>&lt;group&gt;</string>
		</dict>
		<key>FCDF16241911D4D00002575E</key>
		<dict>
			<key>isa</key>
			<string>PBXFileReference</string>
			<key>lastKnownFileType</key>
			<string>text.plist.strings</string>
			<key>name</key>
			<string>en</string>
			<key>path</key>
			<string>en.lproj/InfoPlist.strings</string>
			<key>sourceTree</key>
			<string>&lt;group&gt;</string>
		</dict>
		<key>FCDF16251911D4D00002575E</key>
		<dict>
			<key>fileRef</key>
			<string>FCDF16231911D4D00002575E</string>
			<key>isa</key>
			<string>PBXBuildFile</string>
		</dict>
		<key>FCDF16261911D4D00002575E</key>
		<dict>
			<key>isa</key>
			<string>PBXFileReference</string>
			<key>lastKnownFileType</key>
			<string>sourcecode.c.objc</string>
			<key>path</key>
			<string>BTWithAndroidTests.m</string>
			<key>sourceTree</key>
			<string>&lt;group&gt;</string>
		</dict>
		<key>FCDF16271911D4D00002575E</key>
		<dict>
			<key>fileRef</key>
			<string>FCDF16261911D4D00002575E</string>
			<key>isa</key>
			<string>PBXBuildFile</string>
		</dict>
		<key>FCDF16281911D4D00002575E</key>
		<dict>
			<key>buildSettings</key>
			<dict>
				<key>ALWAYS_SEARCH_USER_PATHS</key>
				<string>NO</string>
				<key>CLANG_CXX_LANGUAGE_STANDARD</key>
				<string>gnu++0x</string>
				<key>CLANG_CXX_LIBRARY</key>
				<string>libc++</string>
				<key>CLANG_ENABLE_MODULES</key>
				<string>YES</string>
				<key>CLANG_ENABLE_OBJC_ARC</key>
				<string>YES</string>
				<key>CLANG_WARN_BOOL_CONVERSION</key>
				<string>YES</string>
				<key>CLANG_WARN_CONSTANT_CONVERSION</key>
				<string>YES</string>
				<key>CLANG_WARN_DIRECT_OBJC_ISA_USAGE</key>
				<string>YES_ERROR</string>
				<key>CLANG_WARN_EMPTY_BODY</key>
				<string>YES</string>
				<key>CLANG_WARN_ENUM_CONVERSION</key>
				<string>YES</string>
				<key>CLANG_WARN_INT_CONVERSION</key>
				<string>YES</string>
				<key>CLANG_WARN_OBJC_ROOT_CLASS</key>
				<string>YES_ERROR</string>
				<key>CLANG_WARN__DUPLICATE_METHOD_MATCH</key>
				<string>YES</string>
				<key>CODE_SIGN_IDENTITY[sdk=iphoneos*]</key>
				<string>iPhone Developer</string>
				<key>COPY_PHASE_STRIP</key>
				<string>NO</string>
				<key>GCC_C_LANGUAGE_STANDARD</key>
				<string>gnu99</string>
				<key>GCC_DYNAMIC_NO_PIC</key>
				<string>NO</string>
				<key>GCC_OPTIMIZATION_LEVEL</key>
				<string>0</string>
				<key>GCC_PREPROCESSOR_DEFINITIONS</key>
				<array>
					<string>DEBUG=1</string>
					<string>$(inherited)</string>
				</array>
				<key>GCC_SYMBOLS_PRIVATE_EXTERN</key>
				<string>NO</string>
				<key>GCC_WARN_64_TO_32_BIT_CONVERSION</key>
				<string>YES</string>
				<key>GCC_WARN_ABOUT_RETURN_TYPE</key>
				<string>YES_ERROR</string>
				<key>GCC_WARN_UNDECLARED_SELECTOR</key>
				<string>YES</string>
				<key>GCC_WARN_UNINITIALIZED_AUTOS</key>
				<string>YES_AGGRESSIVE</string>
				<key>GCC_WARN_UNUSED_FUNCTION</key>
				<string>YES</string>
				<key>GCC_WARN_UNUSED_VARIABLE</key>
				<string>YES</string>
				<key>IPHONEOS_DEPLOYMENT_TARGET</key>
				<string>7.1</string>
				<key>ONLY_ACTIVE_ARCH</key>
				<string>YES</string>
				<key>SDKROOT</key>
				<string>iphoneos</string>
			</dict>
			<key>isa</key>
			<string>XCBuildConfiguration</string>
			<key>name</key>
			<string>Debug</string>
		</dict>
		<key>FCDF16291911D4D00002575E</key>
		<dict>
			<key>buildSettings</key>
			<dict>
				<key>ALWAYS_SEARCH_USER_PATHS</key>
				<string>NO</string>
				<key>CLANG_CXX_LANGUAGE_STANDARD</key>
				<string>gnu++0x</string>
				<key>CLANG_CXX_LIBRARY</key>
				<string>libc++</string>
				<key>CLANG_ENABLE_MODULES</key>
				<string>YES</string>
				<key>CLANG_ENABLE_OBJC_ARC</key>
				<string>YES</string>
				<key>CLANG_WARN_BOOL_CONVERSION</key>
				<string>YES</string>
				<key>CLANG_WARN_CONSTANT_CONVERSION</key>
				<string>YES</string>
				<key>CLANG_WARN_DIRECT_OBJC_ISA_USAGE</key>
				<string>YES_ERROR</string>
				<key>CLANG_WARN_EMPTY_BODY</key>
				<string>YES</string>
				<key>CLANG_WARN_ENUM_CONVERSION</key>
				<string>YES</string>
				<key>CLANG_WARN_INT_CONVERSION</key>
				<string>YES</string>
				<key>CLANG_WARN_OBJC_ROOT_CLASS</key>
				<string>YES_ERROR</string>
				<key>CLANG_WARN__DUPLICATE_METHOD_MATCH</key>
				<string>YES</string>
				<key>CODE_SIGN_IDENTITY[sdk=iphoneos*]</key>
				<string>iPhone Developer</string>
				<key>COPY_PHASE_STRIP</key>
				<string>YES</string>
				<key>ENABLE_NS_ASSERTIONS</key>
				<string>NO</string>
				<key>GCC_C_LANGUAGE_STANDARD</key>
				<string>gnu99</string>
				<key>GCC_WARN_64_TO_32_BIT_CONVERSION</key>
				<string>YES</string>
				<key>GCC_WARN_ABOUT_RETURN_TYPE</key>
				<string>YES_ERROR</string>
				<key>GCC_WARN_UNDECLARED_SELECTOR</key>
				<string>YES</string>
				<key>GCC_WARN_UNINITIALIZED_AUTOS</key>
				<string>YES_AGGRESSIVE</string>
				<key>GCC_WARN_UNUSED_FUNCTION</key>
				<string>YES</string>
				<key>GCC_WARN_UNUSED_VARIABLE</key>
				<string>YES</string>
				<key>IPHONEOS_DEPLOYMENT_TARGET</key>
				<string>7.1</string>
				<key>SDKROOT</key>
				<string>iphoneos</string>
				<key>VALIDATE_PRODUCT</key>
				<string>YES</string>
			</dict>
			<key>isa</key>
			<string>XCBuildConfiguration</string>
			<key>name</key>
			<string>Release</string>
		</dict>
		<key>FCDF162A1911D4D00002575E</key>
		<dict>
			<key>buildConfigurations</key>
			<array>
				<string>FCDF162B1911D4D00002575E</string>
				<string>FCDF162C1911D4D00002575E</string>
			</array>
			<key>defaultConfigurationIsVisible</key>
			<string>0</string>
			<key>defaultConfigurationName</key>
			<string>Release</string>
			<key>isa</key>
			<string>XCConfigurationList</string>
		</dict>
		<key>FCDF162B1911D4D00002575E</key>
		<dict>
			<key>baseConfigurationReference</key>
			<string>844E87396A544982A7233439</string>
			<key>buildSettings</key>
			<dict>
				<key>ASSETCATALOG_COMPILER_APPICON_NAME</key>
				<string>AppIcon</string>
				<key>ASSETCATALOG_COMPILER_LAUNCHIMAGE_NAME</key>
				<string>LaunchImage</string>
				<key>GCC_PRECOMPILE_PREFIX_HEADER</key>
				<string>YES</string>
				<key>GCC_PREFIX_HEADER</key>
				<string>BTWithAndroid/BTWithAndroid-Prefix.pch</string>
				<key>INFOPLIST_FILE</key>
				<string>BTWithAndroid/BTWithAndroid-Info.plist</string>
				<key>PRODUCT_NAME</key>
				<string>$(TARGET_NAME)</string>
				<key>WRAPPER_EXTENSION</key>
				<string>app</string>
			</dict>
			<key>isa</key>
			<string>XCBuildConfiguration</string>
			<key>name</key>
			<string>Debug</string>
		</dict>
		<key>FCDF162C1911D4D00002575E</key>
		<dict>
			<key>baseConfigurationReference</key>
			<string>844E87396A544982A7233439</string>
			<key>buildSettings</key>
			<dict>
				<key>ASSETCATALOG_COMPILER_APPICON_NAME</key>
				<string>AppIcon</string>
				<key>ASSETCATALOG_COMPILER_LAUNCHIMAGE_NAME</key>
				<string>LaunchImage</string>
				<key>GCC_PRECOMPILE_PREFIX_HEADER</key>
				<string>YES</string>
				<key>GCC_PREFIX_HEADER</key>
				<string>BTWithAndroid/BTWithAndroid-Prefix.pch</string>
				<key>INFOPLIST_FILE</key>
				<string>BTWithAndroid/BTWithAndroid-Info.plist</string>
				<key>PRODUCT_NAME</key>
				<string>$(TARGET_NAME)</string>
				<key>WRAPPER_EXTENSION</key>
				<string>app</string>
			</dict>
			<key>isa</key>
			<string>XCBuildConfiguration</string>
			<key>name</key>
			<string>Release</string>
		</dict>
		<key>FCDF162D1911D4D00002575E</key>
		<dict>
			<key>buildConfigurations</key>
			<array>
				<string>FCDF162E1911D4D00002575E</string>
				<string>FCDF162F1911D4D00002575E</string>
			</array>
			<key>defaultConfigurationIsVisible</key>
			<string>0</string>
			<key>defaultConfigurationName</key>
			<string>Release</string>
			<key>isa</key>
			<string>XCConfigurationList</string>
		</dict>
		<key>FCDF162E1911D4D00002575E</key>
		<dict>
			<key>buildSettings</key>
			<dict>
				<key>BUNDLE_LOADER</key>
				<string>$(BUILT_PRODUCTS_DIR)/BTWithAndroid.app/BTWithAndroid</string>
				<key>FRAMEWORK_SEARCH_PATHS</key>
				<array>
					<string>$(SDKROOT)/Developer/Library/Frameworks</string>
					<string>$(inherited)</string>
					<string>$(DEVELOPER_FRAMEWORKS_DIR)</string>
				</array>
				<key>GCC_PRECOMPILE_PREFIX_HEADER</key>
				<string>YES</string>
				<key>GCC_PREFIX_HEADER</key>
				<string>BTWithAndroid/BTWithAndroid-Prefix.pch</string>
				<key>GCC_PREPROCESSOR_DEFINITIONS</key>
				<array>
					<string>DEBUG=1</string>
					<string>$(inherited)</string>
				</array>
				<key>INFOPLIST_FILE</key>
				<string>BTWithAndroidTests/BTWithAndroidTests-Info.plist</string>
				<key>PRODUCT_NAME</key>
				<string>$(TARGET_NAME)</string>
				<key>TEST_HOST</key>
				<string>$(BUNDLE_LOADER)</string>
				<key>WRAPPER_EXTENSION</key>
				<string>xctest</string>
			</dict>
			<key>isa</key>
			<string>XCBuildConfiguration</string>
			<key>name</key>
			<string>Debug</string>
		</dict>
		<key>FCDF162F1911D4D00002575E</key>
		<dict>
			<key>buildSettings</key>
			<dict>
				<key>BUNDLE_LOADER</key>
				<string>$(BUILT_PRODUCTS_DIR)/BTWithAndroid.app/BTWithAndroid</string>
				<key>FRAMEWORK_SEARCH_PATHS</key>
				<array>
					<string>$(SDKROOT)/Developer/Library/Frameworks</string>
					<string>$(inherited)</string>
					<string>$(DEVELOPER_FRAMEWORKS_DIR)</string>
				</array>
				<key>GCC_PRECOMPILE_PREFIX_HEADER</key>
				<string>YES</string>
				<key>GCC_PREFIX_HEADER</key>
				<string>BTWithAndroid/BTWithAndroid-Prefix.pch</string>
				<key>INFOPLIST_FILE</key>
				<string>BTWithAndroidTests/BTWithAndroidTests-Info.plist</string>
				<key>PRODUCT_NAME</key>
				<string>$(TARGET_NAME)</string>
				<key>TEST_HOST</key>
				<string>$(BUNDLE_LOADER)</string>
				<key>WRAPPER_EXTENSION</key>
				<string>xctest</string>
			</dict>
			<key>isa</key>
			<string>XCBuildConfiguration</string>
			<key>name</key>
			<string>Release</string>
		</dict>
		<key>FCDF16301911D7440002575E</key>
		<dict>
			<key>isa</key>
			<string>PBXFileReference</string>
			<key>lastKnownFileType</key>
			<string>wrapper.framework</string>
			<key>name</key>
			<string>CoreBluetooth.framework</string>
			<key>path</key>
			<string>System/Library/Frameworks/CoreBluetooth.framework</string>
			<key>sourceTree</key>
			<string>SDKROOT</string>
		</dict>
		<key>FCDF16311911D7440002575E</key>
		<dict>
			<key>fileRef</key>
			<string>FCDF16301911D7440002575E</string>
			<key>isa</key>
			<string>PBXBuildFile</string>
		</dict>
	</dict>
	<key>rootObject</key>
	<string>FCDF15F01911D4D00002575E</string>
</dict>
</plist>
